// !$*UTF8*$!
{
	archiveVersion = 1;
	classes = {
	};
	objectVersion = 56;
	objects = {

/* Begin PBXBuildFile section */
		554BC3792902F4CF00DFC3BE /* AppDelegate.swift in Sources */ = {isa = PBXBuildFile; fileRef = 554BC3782902F4CF00DFC3BE /* AppDelegate.swift */; };
		554BC37B2902F4CF00DFC3BE /* SceneDelegate.swift in Sources */ = {isa = PBXBuildFile; fileRef = 554BC37A2902F4CF00DFC3BE /* SceneDelegate.swift */; };
		554BC3802902F4CF00DFC3BE /* Main.storyboard in Resources */ = {isa = PBXBuildFile; fileRef = 554BC37E2902F4CF00DFC3BE /* Main.storyboard */; };
		554BC3822902F4D200DFC3BE /* Assets.xcassets in Resources */ = {isa = PBXBuildFile; fileRef = 554BC3812902F4D200DFC3BE /* Assets.xcassets */; };
		554BC3852902F4D200DFC3BE /* LaunchScreen.storyboard in Resources */ = {isa = PBXBuildFile; fileRef = 554BC3832902F4D200DFC3BE /* LaunchScreen.storyboard */; };
		554BC38D2902F65B00DFC3BE /* TaskListController.swift in Sources */ = {isa = PBXBuildFile; fileRef = 554BC38C2902F65B00DFC3BE /* TaskListController.swift */; };
		554BC3902902FA0800DFC3BE /* Task.swift in Sources */ = {isa = PBXBuildFile; fileRef = 554BC38F2902FA0800DFC3BE /* Task.swift */; };
		554BC3922902FBE600DFC3BE /* TasksStorage.swift in Sources */ = {isa = PBXBuildFile; fileRef = 554BC3912902FBE600DFC3BE /* TasksStorage.swift */; };
		55519DAD29369B66005061B8 /* TaskTypeController.swift in Sources */ = {isa = PBXBuildFile; fileRef = 55519DAC29369B66005061B8 /* TaskTypeController.swift */; };
		55519DB029369DC9005061B8 /* TaskTypeCell.swift in Sources */ = {isa = PBXBuildFile; fileRef = 55519DAE29369DC9005061B8 /* TaskTypeCell.swift */; };
		55519DB129369DC9005061B8 /* TaskTypeCell.xib in Resources */ = {isa = PBXBuildFile; fileRef = 55519DAF29369DC9005061B8 /* TaskTypeCell.xib */; };
		5564658B29368962007148A7 /* TaskEditController.swift in Sources */ = {isa = PBXBuildFile; fileRef = 5564658A29368962007148A7 /* TaskEditController.swift */; };
		55F4CC5429071C5700CE761E /* TaskCell.swift in Sources */ = {isa = PBXBuildFile; fileRef = 55F4CC5329071C5700CE761E /* TaskCell.swift */; };
/* End PBXBuildFile section */

/* Begin PBXFileReference section */
		554BC3752902F4CF00DFC3BE /* To-Do Manager.app */ = {isa = PBXFileReference; explicitFileType = wrapper.application; includeInIndex = 0; path = "To-Do Manager.app"; sourceTree = BUILT_PRODUCTS_DIR; };
		554BC3782902F4CF00DFC3BE /* AppDelegate.swift */ = {isa = PBXFileReference; lastKnownFileType = sourcecode.swift; path = AppDelegate.swift; sourceTree = "<group>"; };
		554BC37A2902F4CF00DFC3BE /* SceneDelegate.swift */ = {isa = PBXFileReference; lastKnownFileType = sourcecode.swift; path = SceneDelegate.swift; sourceTree = "<group>"; };
		554BC37F2902F4CF00DFC3BE /* Base */ = {isa = PBXFileReference; lastKnownFileType = file.storyboard; name = Base; path = Base.lproj/Main.storyboard; sourceTree = "<group>"; };
		554BC3812902F4D200DFC3BE /* Assets.xcassets */ = {isa = PBXFileReference; lastKnownFileType = folder.assetcatalog; path = Assets.xcassets; sourceTree = "<group>"; };
		554BC3842902F4D200DFC3BE /* Base */ = {isa = PBXFileReference; lastKnownFileType = file.storyboard; name = Base; path = Base.lproj/LaunchScreen.storyboard; sourceTree = "<group>"; };
		554BC3862902F4D200DFC3BE /* Info.plist */ = {isa = PBXFileReference; lastKnownFileType = text.plist.xml; path = Info.plist; sourceTree = "<group>"; };
		554BC38C2902F65B00DFC3BE /* TaskListController.swift */ = {isa = PBXFileReference; lastKnownFileType = sourcecode.swift; path = TaskListController.swift; sourceTree = "<group>"; };
		554BC38F2902FA0800DFC3BE /* Task.swift */ = {isa = PBXFileReference; lastKnownFileType = sourcecode.swift; path = Task.swift; sourceTree = "<group>"; };
		554BC3912902FBE600DFC3BE /* TasksStorage.swift */ = {isa = PBXFileReference; lastKnownFileType = sourcecode.swift; path = TasksStorage.swift; sourceTree = "<group>"; };
		55519DAC29369B66005061B8 /* TaskTypeController.swift */ = {isa = PBXFileReference; lastKnownFileType = sourcecode.swift; path = TaskTypeController.swift; sourceTree = "<group>"; };
		55519DAE29369DC9005061B8 /* TaskTypeCell.swift */ = {isa = PBXFileReference; lastKnownFileType = sourcecode.swift; path = TaskTypeCell.swift; sourceTree = "<group>"; };
		55519DAF29369DC9005061B8 /* TaskTypeCell.xib */ = {isa = PBXFileReference; lastKnownFileType = file.xib; path = TaskTypeCell.xib; sourceTree = "<group>"; };
		5564658A29368962007148A7 /* TaskEditController.swift */ = {isa = PBXFileReference; lastKnownFileType = sourcecode.swift; path = TaskEditController.swift; sourceTree = "<group>"; };
		55F4CC5329071C5700CE761E /* TaskCell.swift */ = {isa = PBXFileReference; lastKnownFileType = sourcecode.swift; path = TaskCell.swift; sourceTree = "<group>"; };
/* End PBXFileReference section */

/* Begin PBXFrameworksBuildPhase section */
		554BC3722902F4CF00DFC3BE /* Frameworks */ = {
			isa = PBXFrameworksBuildPhase;
			buildActionMask = 2147483647;
			files = (
			);
			runOnlyForDeploymentPostprocessing = 0;
		};
/* End PBXFrameworksBuildPhase section */

/* Begin PBXGroup section */
		554BC36C2902F4CF00DFC3BE = {
			isa = PBXGroup;
			children = (
				554BC3772902F4CF00DFC3BE /* To-Do Manager */,
				554BC3762902F4CF00DFC3BE /* Products */,
			);
			sourceTree = "<group>";
		};
		554BC3762902F4CF00DFC3BE /* Products */ = {
			isa = PBXGroup;
			children = (
				554BC3752902F4CF00DFC3BE /* To-Do Manager.app */,
			);
			name = Products;
			sourceTree = "<group>";
		};
		554BC3772902F4CF00DFC3BE /* To-Do Manager */ = {
			isa = PBXGroup;
			children = (
				554BC3782902F4CF00DFC3BE /* AppDelegate.swift */,
				554BC37A2902F4CF00DFC3BE /* SceneDelegate.swift */,
				554BC38E2902F9DD00DFC3BE /* Model */,
				55F4CC5129071BA700CE761E /* View */,
				66E303562A2FC85000AE1A53 /* Controllers */,
				554BC3812902F4D200DFC3BE /* Assets.xcassets */,
				554BC3832902F4D200DFC3BE /* LaunchScreen.storyboard */,
				554BC3862902F4D200DFC3BE /* Info.plist */,
			);
			path = "To-Do Manager";
			sourceTree = "<group>";
		};
		554BC38E2902F9DD00DFC3BE /* Model */ = {
			isa = PBXGroup;
			children = (
				554BC38F2902FA0800DFC3BE /* Task.swift */,
				554BC3912902FBE600DFC3BE /* TasksStorage.swift */,
			);
			path = Model;
			sourceTree = "<group>";
		};
		55F4CC5129071BA700CE761E /* View */ = {
			isa = PBXGroup;
			children = (
				554BC37E2902F4CF00DFC3BE /* Main.storyboard */,
				66986FFD2A2FCF4700498A31 /* Cell */,
			);
			path = View;
			sourceTree = "<group>";
		};
		66986FFD2A2FCF4700498A31 /* Cell */ = {
			isa = PBXGroup;
			children = (
				55F4CC5329071C5700CE761E /* TaskCell.swift */,
				55519DAE29369DC9005061B8 /* TaskTypeCell.swift */,
				55519DAF29369DC9005061B8 /* TaskTypeCell.xib */,
			);
			path = Cell;
			sourceTree = "<group>";
		};
		66E303562A2FC85000AE1A53 /* Controllers */ = {
			isa = PBXGroup;
			children = (
				554BC38C2902F65B00DFC3BE /* TaskListController.swift */,
				5564658A29368962007148A7 /* TaskEditController.swift */,
				55519DAC29369B66005061B8 /* TaskTypeController.swift */,
			);
			path = Controllers;
			sourceTree = "<group>";
		};
/* End PBXGroup section */

/* Begin PBXNativeTarget section */
		554BC3742902F4CF00DFC3BE /* To-Do Manager */ = {
			isa = PBXNativeTarget;
			buildConfigurationList = 554BC3892902F4D200DFC3BE /* Build configuration list for PBXNativeTarget "To-Do Manager" */;
			buildPhases = (
				554BC3712902F4CF00DFC3BE /* Sources */,
				554BC3722902F4CF00DFC3BE /* Frameworks */,
				554BC3732902F4CF00DFC3BE /* Resources */,
			);
			buildRules = (
			);
			dependencies = (
			);
			name = "To-Do Manager";
			productName = "To-Do Manager";
			productReference = 554BC3752902F4CF00DFC3BE /* To-Do Manager.app */;
			productType = "com.apple.product-type.application";
		};
/* End PBXNativeTarget section */

/* Begin PBXProject section */
		554BC36D2902F4CF00DFC3BE /* Project object */ = {
			isa = PBXProject;
			attributes = {
				BuildIndependentTargetsInParallel = 1;
				LastSwiftUpdateCheck = 1400;
				LastUpgradeCheck = 1400;
				TargetAttributes = {
					554BC3742902F4CF00DFC3BE = {
						CreatedOnToolsVersion = 14.0;
					};
				};
			};
			buildConfigurationList = 554BC3702902F4CF00DFC3BE /* Build configuration list for PBXProject "To-Do Manager" */;
			compatibilityVersion = "Xcode 14.0";
			developmentRegion = en;
			hasScannedForEncodings = 0;
			knownRegions = (
				en,
				Base,
			);
			mainGroup = 554BC36C2902F4CF00DFC3BE;
			productRefGroup = 554BC3762902F4CF00DFC3BE /* Products */;
			projectDirPath = "";
			projectRoot = "";
			targets = (
				554BC3742902F4CF00DFC3BE /* To-Do Manager */,
			);
		};
/* End PBXProject section */

/* Begin PBXResourcesBuildPhase section */
		554BC3732902F4CF00DFC3BE /* Resources */ = {
			isa = PBXResourcesBuildPhase;
			buildActionMask = 2147483647;
			files = (
				554BC3852902F4D200DFC3BE /* LaunchScreen.storyboard in Resources */,
				554BC3822902F4D200DFC3BE /* Assets.xcassets in Resources */,
				55519DB129369DC9005061B8 /* TaskTypeCell.xib in Resources */,
				554BC3802902F4CF00DFC3BE /* Main.storyboard in Resources */,
			);
			runOnlyForDeploymentPostprocessing = 0;
		};
/* End PBXResourcesBuildPhase section */

/* Begin PBXSourcesBuildPhase section */
		554BC3712902F4CF00DFC3BE /* Sources */ = {
			isa = PBXSourcesBuildPhase;
			buildActionMask = 2147483647;
			files = (
				554BC3902902FA0800DFC3BE /* Task.swift in Sources */,
				554BC38D2902F65B00DFC3BE /* TaskListController.swift in Sources */,
				554BC3922902FBE600DFC3BE /* TasksStorage.swift in Sources */,
				554BC3792902F4CF00DFC3BE /* AppDelegate.swift in Sources */,
				55519DAD29369B66005061B8 /* TaskTypeController.swift in Sources */,
				55F4CC5429071C5700CE761E /* TaskCell.swift in Sources */,
				554BC37B2902F4CF00DFC3BE /* SceneDelegate.swift in Sources */,
				5564658B29368962007148A7 /* TaskEditController.swift in Sources */,
				55519DB029369DC9005061B8 /* TaskTypeCell.swift in Sources */,
			);
			runOnlyForDeploymentPostprocessing = 0;
		};
/* End PBXSourcesBuildPhase section */

/* Begin PBXVariantGroup section */
		554BC37E2902F4CF00DFC3BE /* Main.storyboard */ = {
			isa = PBXVariantGroup;
			children = (
				554BC37F2902F4CF00DFC3BE /* Base */,
			);
			name = Main.storyboard;
			sourceTree = "<group>";
		};
		554BC3832902F4D200DFC3BE /* LaunchScreen.storyboard */ = {
			isa = PBXVariantGroup;
			children = (
				554BC3842902F4D200DFC3BE /* Base */,
			);
			name = LaunchScreen.storyboard;
			sourceTree = "<group>";
		};
/* End PBXVariantGroup section */

/* Begin XCBuildConfiguration section */
		554BC3872902F4D200DFC3BE /* Debug */ = {
			isa = XCBuildConfiguration;
			buildSettings = {
				ALWAYS_SEARCH_USER_PATHS = NO;
				CLANG_ANALYZER_NONNULL = YES;
				CLANG_ANALYZER_NUMBER_OBJECT_CONVERSION = YES_AGGRESSIVE;
				CLANG_CXX_LANGUAGE_STANDARD = "gnu++20";
				CLANG_ENABLE_MODULES = YES;
				CLANG_ENABLE_OBJC_ARC = YES;
				CLANG_ENABLE_OBJC_WEAK = YES;
				CLANG_WARN_BLOCK_CAPTURE_AUTORELEASING = YES;
				CLANG_WARN_BOOL_CONVERSION = YES;
				CLANG_WARN_COMMA = YES;
				CLANG_WARN_CONSTANT_CONVERSION = YES;
				CLANG_WARN_DEPRECATED_OBJC_IMPLEMENTATIONS = YES;
				CLANG_WARN_DIRECT_OBJC_ISA_USAGE = YES_ERROR;
				CLANG_WARN_DOCUMENTATION_COMMENTS = YES;
				CLANG_WARN_EMPTY_BODY = YES;
				CLANG_WARN_ENUM_CONVERSION = YES;
				CLANG_WARN_INFINITE_RECURSION = YES;
				CLANG_WARN_INT_CONVERSION = YES;
				CLANG_WARN_NON_LITERAL_NULL_CONVERSION = YES;
				CLANG_WARN_OBJC_IMPLICIT_RETAIN_SELF = YES;
				CLANG_WARN_OBJC_LITERAL_CONVERSION = YES;
				CLANG_WARN_OBJC_ROOT_CLASS = YES_ERROR;
				CLANG_WARN_QUOTED_INCLUDE_IN_FRAMEWORK_HEADER = YES;
				CLANG_WARN_RANGE_LOOP_ANALYSIS = YES;
				CLANG_WARN_STRICT_PROTOTYPES = YES;
				CLANG_WARN_SUSPICIOUS_MOVE = YES;
				CLANG_WARN_UNGUARDED_AVAILABILITY = YES_AGGRESSIVE;
				CLANG_WARN_UNREACHABLE_CODE = YES;
				CLANG_WARN__DUPLICATE_METHOD_MATCH = YES;
				COPY_PHASE_STRIP = NO;
				DEBUG_INFORMATION_FORMAT = dwarf;
				ENABLE_STRICT_OBJC_MSGSEND = YES;
				ENABLE_TESTABILITY = YES;
				GCC_C_LANGUAGE_STANDARD = gnu11;
				GCC_DYNAMIC_NO_PIC = NO;
				GCC_NO_COMMON_BLOCKS = YES;
				GCC_OPTIMIZATION_LEVEL = 0;
				GCC_PREPROCESSOR_DEFINITIONS = (
					"DEBUG=1",
					"$(inherited)",
				);
				GCC_WARN_64_TO_32_BIT_CONVERSION = YES;
				GCC_WARN_ABOUT_RETURN_TYPE = YES_ERROR;
				GCC_WARN_UNDECLARED_SELECTOR = YES;
				GCC_WARN_UNINITIALIZED_AUTOS = YES_AGGRESSIVE;
				GCC_WARN_UNUSED_FUNCTION = YES;
				GCC_WARN_UNUSED_VARIABLE = YES;
				IPHONEOS_DEPLOYMENT_TARGET = 16.0;
				MTL_ENABLE_DEBUG_INFO = INCLUDE_SOURCE;
				MTL_FAST_MATH = YES;
				ONLY_ACTIVE_ARCH = YES;
				SDKROOT = iphoneos;
				SWIFT_ACTIVE_COMPILATION_CONDITIONS = DEBUG;
				SWIFT_OPTIMIZATION_LEVEL = "-Onone";
			};
			name = Debug;
		};
		554BC3882902F4D200DFC3BE /* Release */ = {
			isa = XCBuildConfiguration;
			buildSettings = {
				ALWAYS_SEARCH_USER_PATHS = NO;
				CLANG_ANALYZER_NONNULL = YES;
				CLANG_ANALYZER_NUMBER_OBJECT_CONVERSION = YES_AGGRESSIVE;
				CLANG_CXX_LANGUAGE_STANDARD = "gnu++20";
				CLANG_ENABLE_MODULES = YES;
				CLANG_ENABLE_OBJC_ARC = YES;
				CLANG_ENABLE_OBJC_WEAK = YES;
				CLANG_WARN_BLOCK_CAPTURE_AUTORELEASING = YES;
				CLANG_WARN_BOOL_CONVERSION = YES;
				CLANG_WARN_COMMA = YES;
				CLANG_WARN_CONSTANT_CONVERSION = YES;
				CLANG_WARN_DEPRECATED_OBJC_IMPLEMENTATIONS = YES;
				CLANG_WARN_DIRECT_OBJC_ISA_USAGE = YES_ERROR;
				CLANG_WARN_DOCUMENTATION_COMMENTS = YES;
				CLANG_WARN_EMPTY_BODY = YES;
				CLANG_WARN_ENUM_CONVERSION = YES;
				CLANG_WARN_INFINITE_RECURSION = YES;
				CLANG_WARN_INT_CONVERSION = YES;
				CLANG_WARN_NON_LITERAL_NULL_CONVERSION = YES;
				CLANG_WARN_OBJC_IMPLICIT_RETAIN_SELF = YES;
				CLANG_WARN_OBJC_LITERAL_CONVERSION = YES;
				CLANG_WARN_OBJC_ROOT_CLASS = YES_ERROR;
				CLANG_WARN_QUOTED_INCLUDE_IN_FRAMEWORK_HEADER = YES;
				CLANG_WARN_RANGE_LOOP_ANALYSIS = YES;
				CLANG_WARN_STRICT_PROTOTYPES = YES;
				CLANG_WARN_SUSPICIOUS_MOVE = YES;
				CLANG_WARN_UNGUARDED_AVAILABILITY = YES_AGGRESSIVE;
				CLANG_WARN_UNREACHABLE_CODE = YES;
				CLANG_WARN__DUPLICATE_METHOD_MATCH = YES;
				COPY_PHASE_STRIP = NO;
				DEBUG_INFORMATION_FORMAT = "dwarf-with-dsym";
				ENABLE_NS_ASSERTIONS = NO;
				ENABLE_STRICT_OBJC_MSGSEND = YES;
				GCC_C_LANGUAGE_STANDARD = gnu11;
				GCC_NO_COMMON_BLOCKS = YES;
				GCC_WARN_64_TO_32_BIT_CONVERSION = YES;
				GCC_WARN_ABOUT_RETURN_TYPE = YES_ERROR;
				GCC_WARN_UNDECLARED_SELECTOR = YES;
				GCC_WARN_UNINITIALIZED_AUTOS = YES_AGGRESSIVE;
				GCC_WARN_UNUSED_FUNCTION = YES;
				GCC_WARN_UNUSED_VARIABLE = YES;
				IPHONEOS_DEPLOYMENT_TARGET = 16.0;
				MTL_ENABLE_DEBUG_INFO = NO;
				MTL_FAST_MATH = YES;
				SDKROOT = iphoneos;
				SWIFT_COMPILATION_MODE = wholemodule;
				SWIFT_OPTIMIZATION_LEVEL = "-O";
				VALIDATE_PRODUCT = YES;
			};
			name = Release;
		};
		554BC38A2902F4D200DFC3BE /* Debug */ = {
			isa = XCBuildConfiguration;
			buildSettings = {
				ASSETCATALOG_COMPILER_APPICON_NAME = AppIcon;
				ASSETCATALOG_COMPILER_GLOBAL_ACCENT_COLOR_NAME = AccentColor;
				CODE_SIGN_STYLE = Automatic;
				CURRENT_PROJECT_VERSION = 1;
				DEVELOPMENT_TEAM = C7F8937UXY;
				GENERATE_INFOPLIST_FILE = YES;
				INFOPLIST_FILE = "To-Do Manager/Info.plist";
				INFOPLIST_KEY_UIApplicationSupportsIndirectInputEvents = YES;
				INFOPLIST_KEY_UILaunchStoryboardName = LaunchScreen;
				INFOPLIST_KEY_UIMainStoryboardFile = Main;
				INFOPLIST_KEY_UISupportedInterfaceOrientations_iPad = "UIInterfaceOrientationPortrait UIInterfaceOrientationPortraitUpsideDown UIInterfaceOrientationLandscapeLeft UIInterfaceOrientationLandscapeRight";
				INFOPLIST_KEY_UISupportedInterfaceOrientations_iPhone = "UIInterfaceOrientationPortrait UIInterfaceOrientationLandscapeLeft UIInterfaceOrientationLandscapeRight";
				LD_RUNPATH_SEARCH_PATHS = (
					"$(inherited)",
					"@executable_path/Frameworks",
				);
				MARKETING_VERSION = 1.0;
				PRODUCT_BUNDLE_IDENTIFIER = "dmytro.neboha.To-Do-Manager";
				PRODUCT_NAME = "$(TARGET_NAME)";
				SWIFT_EMIT_LOC_STRINGS = YES;
				SWIFT_VERSION = 5.0;
				TARGETED_DEVICE_FAMILY = "1,2";
			};
			name = Debug;
		};
		554BC38B2902F4D200DFC3BE /* Release */ = {
			isa = XCBuildConfiguration;
			buildSettings = {
				ASSETCATALOG_COMPILER_APPICON_NAME = AppIcon;
				ASSETCATALOG_COMPILER_GLOBAL_ACCENT_COLOR_NAME = AccentColor;
				CODE_SIGN_STYLE = Automatic;
				CURRENT_PROJECT_VERSION = 1;
				DEVELOPMENT_TEAM = C7F8937UXY;
				GENERATE_INFOPLIST_FILE = YES;
				INFOPLIST_FILE = "To-Do Manager/Info.plist";
				INFOPLIST_KEY_UIApplicationSupportsIndirectInputEvents = YES;
				INFOPLIST_KEY_UILaunchStoryboardName = LaunchScreen;
				INFOPLIST_KEY_UIMainStoryboardFile = Main;
				INFOPLIST_KEY_UISupportedInterfaceOrientations_iPad = "UIInterfaceOrientationPortrait UIInterfaceOrientationPortraitUpsideDown UIInterfaceOrientationLandscapeLeft UIInterfaceOrientationLandscapeRight";
				INFOPLIST_KEY_UISupportedInterfaceOrientations_iPhone = "UIInterfaceOrientationPortrait UIInterfaceOrientationLandscapeLeft UIInterfaceOrientationLandscapeRight";
				LD_RUNPATH_SEARCH_PATHS = (
					"$(inherited)",
					"@executable_path/Frameworks",
				);
				MARKETING_VERSION = 1.0;
				PRODUCT_BUNDLE_IDENTIFIER = "dmytro.neboha.To-Do-Manager";
				PRODUCT_NAME = "$(TARGET_NAME)";
				SWIFT_EMIT_LOC_STRINGS = YES;
				SWIFT_VERSION = 5.0;
				TARGETED_DEVICE_FAMILY = "1,2";
			};
			name = Release;
		};
/* End XCBuildConfiguration section */

/* Begin XCConfigurationList section */
		554BC3702902F4CF00DFC3BE /* Build configuration list for PBXProject "To-Do Manager" */ = {
			isa = XCConfigurationList;
			buildConfigurations = (
				554BC3872902F4D200DFC3BE /* Debug */,
				554BC3882902F4D200DFC3BE /* Release */,
			);
			defaultConfigurationIsVisible = 0;
			defaultConfigurationName = Release;
		};
		554BC3892902F4D200DFC3BE /* Build configuration list for PBXNativeTarget "To-Do Manager" */ = {
			isa = XCConfigurationList;
			buildConfigurations = (
				554BC38A2902F4D200DFC3BE /* Debug */,
				554BC38B2902F4D200DFC3BE /* Release */,
			);
			defaultConfigurationIsVisible = 0;
			defaultConfigurationName = Release;
		};
/* End XCConfigurationList section */
	};
	rootObject = 554BC36D2902F4CF00DFC3BE /* Project object */;
}
